
Microsoft Visual Studio Solution File, Format Version 12.00
# Visual Studio Version 17
VisualStudioVersion = 17.8.34330.188
MinimumVisualStudioVersion = 10.0.40219.1
Project("{FAE04EC0-301F-11D3-BF4B-00C04F79EFBC}") = "OlliOlliTextTool", "OlliOlliTextTool.csproj", "{FC9893A8-B1E6-44EB-9A5E-B43770E03509}"
EndProject
Global
	GlobalSection(SolutionConfigurationPlatforms) = preSolution
		Debug|Any CPU = Debug|Any CPU
		Release|Any CPU = Release|Any CPU
	EndGlobalSection
	GlobalSection(ProjectConfigurationPlatforms) = postSolution
		{FC9893A8-B1E6-44EB-9A5E-B43770E03509}.Debug|Any CPU.ActiveCfg = Debug|Any CPU
		{FC9893A8-B1E6-44EB-9A5E-B43770E03509}.Debug|Any CPU.Build.0 = Debug|Any CPU
		{FC9893A8-B1E6-44EB-9A5E-B43770E03509}.Release|Any CPU.ActiveCfg = Release|Any CPU
		{FC9893A8-B1E6-44EB-9A5E-B43770E03509}.Release|Any CPU.Build.0 = Release|Any CPU
	EndGlobalSection
	GlobalSection(SolutionProperties) = preSolution
		HideSolutionNode = FALSE
	EndGlobalSection
	GlobalSection(ExtensibilityGlobals) = postSolution
		SolutionGuid = {5A5C0A70-D182-4CE9-9BD8-712FFBBBD52E}
	EndGlobalSection
EndGlobal
